
Microsoft Visual Studio Solution File, Format Version 12.00
# Visual Studio Version 16
VisualStudioVersion = 16.0.29709.97
MinimumVisualStudioVersion = 10.0.40219.1
Project("{2150E333-8FDC-42A3-9474-1A3956D46DE8}") = "src", "src", "{384FF76C-BB64-488B-B0DD-452B534CAC41}"
EndProject
Project("{2150E333-8FDC-42A3-9474-1A3956D46DE8}") = "test", "test", "{BA710E19-8775-4A6A-A689-0EB5EAB30242}"
EndProject
Project("{FAE04EC0-301F-11D3-BF4B-00C04F79EFBC}") = "TreeTrackerWebApp", "TreeTrackerWebApp\TreeTrackerWebApp.csproj", "{D9C97D50-5FC8-420B-8C04-B2B7A5B0961F}"
EndProject
Global
	GlobalSection(SolutionConfigurationPlatforms) = preSolution
		Debug|Any CPU = Debug|Any CPU
		Release|Any CPU = Release|Any CPU
	EndGlobalSection
	GlobalSection(ProjectConfigurationPlatforms) = postSolution
		{D9C97D50-5FC8-420B-8C04-B2B7A5B0961F}.Debug|Any CPU.ActiveCfg = Debug|Any CPU
		{D9C97D50-5FC8-420B-8C04-B2B7A5B0961F}.Debug|Any CPU.Build.0 = Debug|Any CPU
		{D9C97D50-5FC8-420B-8C04-B2B7A5B0961F}.Release|Any CPU.ActiveCfg = Release|Any CPU
		{D9C97D50-5FC8-420B-8C04-B2B7A5B0961F}.Release|Any CPU.Build.0 = Release|Any CPU
	EndGlobalSection
	GlobalSection(SolutionProperties) = preSolution
		HideSolutionNode = FALSE
	EndGlobalSection
	GlobalSection(NestedProjects) = preSolution
		{D9C97D50-5FC8-420B-8C04-B2B7A5B0961F} = {384FF76C-BB64-488B-B0DD-452B534CAC41}
	EndGlobalSection
	GlobalSection(ExtensibilityGlobals) = postSolution
		SolutionGuid = {3E40A302-9FDA-49F1-B170-450790CFF8F0}
	EndGlobalSection
EndGlobal
